
Microsoft Visual Studio Solution File, Format Version 12.00
# Visual Studio Version 17
VisualStudioVersion = 17.9.34607.119
MinimumVisualStudioVersion = 10.0.40219.1
Project("{9A19103F-16F7-4668-BE54-9A1E7A4F7556}") = "DependencyInjection", "DependencyInjection\DependencyInjection.csproj", "{3957CADE-D49C-4E5D-AB57-66EB251DC040}"
EndProject
Project("{9A19103F-16F7-4668-BE54-9A1E7A4F7556}") = "Repositories", "Repositories\Repositories.csproj", "{7AD2FA89-57B7-4AE6-8B31-3ECDF576A94F}"
EndProject
Project("{9A19103F-16F7-4668-BE54-9A1E7A4F7556}") = "Services", "Services\Services.csproj", "{C4CBCB57-C523-493D-ADCC-9B56ECB6263D}"
EndProject
Project("{FAE04EC0-301F-11D3-BF4B-00C04F79EFBC}") = "Common", "Common\Common.csproj", "{AC84A923-DC51-4D67-9E7D-AD5610FEBEA4}"
EndProject
Global
	GlobalSection(SolutionConfigurationPlatforms) = preSolution
		Debug|Any CPU = Debug|Any CPU
		Release|Any CPU = Release|Any CPU
	EndGlobalSection
	GlobalSection(ProjectConfigurationPlatforms) = postSolution
		{3957CADE-D49C-4E5D-AB57-66EB251DC040}.Debug|Any CPU.ActiveCfg = Debug|Any CPU
		{3957CADE-D49C-4E5D-AB57-66EB251DC040}.Debug|Any CPU.Build.0 = Debug|Any CPU
		{3957CADE-D49C-4E5D-AB57-66EB251DC040}.Release|Any CPU.ActiveCfg = Release|Any CPU
		{3957CADE-D49C-4E5D-AB57-66EB251DC040}.Release|Any CPU.Build.0 = Release|Any CPU
		{7AD2FA89-57B7-4AE6-8B31-3ECDF576A94F}.Debug|Any CPU.ActiveCfg = Debug|Any CPU
		{7AD2FA89-57B7-4AE6-8B31-3ECDF576A94F}.Debug|Any CPU.Build.0 = Debug|Any CPU
		{7AD2FA89-57B7-4AE6-8B31-3ECDF576A94F}.Release|Any CPU.ActiveCfg = Release|Any CPU
		{7AD2FA89-57B7-4AE6-8B31-3ECDF576A94F}.Release|Any CPU.Build.0 = Release|Any CPU
		{C4CBCB57-C523-493D-ADCC-9B56ECB6263D}.Debug|Any CPU.ActiveCfg = Debug|Any CPU
		{C4CBCB57-C523-493D-ADCC-9B56ECB6263D}.Debug|Any CPU.Build.0 = Debug|Any CPU
		{C4CBCB57-C523-493D-ADCC-9B56ECB6263D}.Release|Any CPU.ActiveCfg = Release|Any CPU
		{C4CBCB57-C523-493D-ADCC-9B56ECB6263D}.Release|Any CPU.Build.0 = Release|Any CPU
		{AC84A923-DC51-4D67-9E7D-AD5610FEBEA4}.Debug|Any CPU.ActiveCfg = Debug|Any CPU
		{AC84A923-DC51-4D67-9E7D-AD5610FEBEA4}.Debug|Any CPU.Build.0 = Debug|Any CPU
		{AC84A923-DC51-4D67-9E7D-AD5610FEBEA4}.Release|Any CPU.ActiveCfg = Release|Any CPU
		{AC84A923-DC51-4D67-9E7D-AD5610FEBEA4}.Release|Any CPU.Build.0 = Release|Any CPU
	EndGlobalSection
	GlobalSection(SolutionProperties) = preSolution
		HideSolutionNode = FALSE
	EndGlobalSection
	GlobalSection(ExtensibilityGlobals) = postSolution
		SolutionGuid = {61FABD7A-35FD-4B55-B748-9FC6195750F2}
	EndGlobalSection
EndGlobal
